// !$*UTF8*$!
{
	archiveVersion = 1;
	classes = {
	};
	objectVersion = 51;
	objects = {

/* Begin PBXBuildFile section */
		19D8EA47D2DA8913AEA1903A /* Pods_movies_swiftui.framework in Frameworks */ = {isa = PBXBuildFile; fileRef = 7E11E86D5F55FEB6CCDEAF16 /* Pods_movies_swiftui.framework */; };
		320F38F125F34ADA00150251 /* CreditResult.swift in Sources */ = {isa = PBXBuildFile; fileRef = 320F38F025F34ADA00150251 /* CreditResult.swift */; };
		3221ABA124393F8800E6B119 /* Env.swift in Sources */ = {isa = PBXBuildFile; fileRef = 3221ABA024393F8800E6B119 /* Env.swift */; };
		3221ABA524398AA700E6B119 /* MovieScreen.swift in Sources */ = {isa = PBXBuildFile; fileRef = 3221ABA424398AA700E6B119 /* MovieScreen.swift */; };
		3221ABA7243998FC00E6B119 /* Genre.swift in Sources */ = {isa = PBXBuildFile; fileRef = 3221ABA6243998FC00E6B119 /* Genre.swift */; };
		3221ABAA243A6A9900E6B119 /* HomeScreenViewModel.swift in Sources */ = {isa = PBXBuildFile; fileRef = 3221ABA9243A6A9900E6B119 /* HomeScreenViewModel.swift */; };
		3221B8A22709954E00B1D946 /* PeopleScreen.swift in Sources */ = {isa = PBXBuildFile; fileRef = 3221B8A12709954E00B1D946 /* PeopleScreen.swift */; };
		3223B46425CE51EC00264726 /* MovieScreenViewModel.swift in Sources */ = {isa = PBXBuildFile; fileRef = 3223B46325CE51EC00264726 /* MovieScreenViewModel.swift */; };
		3223B46D25DCE14500264726 /* MoviePoster.swift in Sources */ = {isa = PBXBuildFile; fileRef = 3223B46C25DCE14500264726 /* MoviePoster.swift */; };
		3225F9FE2711421F00E9F1BE /* PeopleScreenViewModel.swift in Sources */ = {isa = PBXBuildFile; fileRef = 3225F9FD2711421F00E9F1BE /* PeopleScreenViewModel.swift */; };
		3225FA0027114B3800E9F1BE /* PersonResult.swift in Sources */ = {isa = PBXBuildFile; fileRef = 3225F9FF27114B3800E9F1BE /* PersonResult.swift */; };
		3225FA0627253BC000E9F1BE /* LoadableViewModel.swift in Sources */ = {isa = PBXBuildFile; fileRef = 3225FA0527253BC000E9F1BE /* LoadableViewModel.swift */; };
		3225FA0827253D4F00E9F1BE /* LoadableView.swift in Sources */ = {isa = PBXBuildFile; fileRef = 3225FA0727253D4F00E9F1BE /* LoadableView.swift */; };
		3225FA0A272BA5D600E9F1BE /* TextBlock.swift in Sources */ = {isa = PBXBuildFile; fileRef = 3225FA09272BA5D600E9F1BE /* TextBlock.swift */; };
		3225FA0C272F233D00E9F1BE /* PictureScreenHeader.swift in Sources */ = {isa = PBXBuildFile; fileRef = 3225FA0B272F233D00E9F1BE /* PictureScreenHeader.swift */; };
		3225FA0E272F8B9600E9F1BE /* InfoRowView.swift in Sources */ = {isa = PBXBuildFile; fileRef = 3225FA0D272F8B9600E9F1BE /* InfoRowView.swift */; };
		324E11E624393B9A001CAD62 /* .gitignore in Resources */ = {isa = PBXBuildFile; fileRef = 324E11E524393B9A001CAD62 /* .gitignore */; };
		3290E5FC2438437000D16DA6 /* AppDelegate.swift in Sources */ = {isa = PBXBuildFile; fileRef = 3290E5FB2438437000D16DA6 /* AppDelegate.swift */; };
		3290E5FE2438437000D16DA6 /* SceneDelegate.swift in Sources */ = {isa = PBXBuildFile; fileRef = 3290E5FD2438437000D16DA6 /* SceneDelegate.swift */; };
		3290E6002438437000D16DA6 /* HomeScreen.swift in Sources */ = {isa = PBXBuildFile; fileRef = 3290E5FF2438437000D16DA6 /* HomeScreen.swift */; };
		3290E6022438437200D16DA6 /* Assets.xcassets in Resources */ = {isa = PBXBuildFile; fileRef = 3290E6012438437200D16DA6 /* Assets.xcassets */; };
		3290E6052438437200D16DA6 /* Preview Assets.xcassets in Resources */ = {isa = PBXBuildFile; fileRef = 3290E6042438437200D16DA6 /* Preview Assets.xcassets */; };
		3290E6132438437200D16DA6 /* movies_swiftuiTests.swift in Sources */ = {isa = PBXBuildFile; fileRef = 3290E6122438437200D16DA6 /* movies_swiftuiTests.swift */; };
		3290E61E2438437200D16DA6 /* movies_swiftuiUITests.swift in Sources */ = {isa = PBXBuildFile; fileRef = 3290E61D2438437200D16DA6 /* movies_swiftuiUITests.swift */; };
		3290E62D243843B600D16DA6 /* ApiService.swift in Sources */ = {isa = PBXBuildFile; fileRef = 3290E62C243843B600D16DA6 /* ApiService.swift */; };
		3290E630243843FC00D16DA6 /* Secrets.swift in Sources */ = {isa = PBXBuildFile; fileRef = 3290E62F243843FC00D16DA6 /* Secrets.swift */; };
		3290E634243844CA00D16DA6 /* MovieService.swift in Sources */ = {isa = PBXBuildFile; fileRef = 3290E633243844CA00D16DA6 /* MovieService.swift */; };
		3290E637243844FC00D16DA6 /* MovieResult.swift in Sources */ = {isa = PBXBuildFile; fileRef = 3290E636243844FC00D16DA6 /* MovieResult.swift */; };
		3290E63A2438490700D16DA6 /* TMDBImageUtil.swift in Sources */ = {isa = PBXBuildFile; fileRef = 3290E6392438490700D16DA6 /* TMDBImageUtil.swift */; };
		3298D1FA25F75F600075F497 /* TintOverlay.swift in Sources */ = {isa = PBXBuildFile; fileRef = 3298D1F925F75F600075F497 /* TintOverlay.swift */; };
		3298D1FF25FC8BEB0075F497 /* MovieInfoRow.swift in Sources */ = {isa = PBXBuildFile; fileRef = 3298D1FE25FC8BEB0075F497 /* MovieInfoRow.swift */; };
		3298D20425FD515E0075F497 /* CreditsCarousel.swift in Sources */ = {isa = PBXBuildFile; fileRef = 3298D20325FD515E0075F497 /* CreditsCarousel.swift */; };
		32ECC7CC260D6EFA00D1DB44 /* MoviePosterScroll.swift in Sources */ = {isa = PBXBuildFile; fileRef = 32ECC7CB260D6EFA00D1DB44 /* MoviePosterScroll.swift */; };
		32FD345D2604758000FBA12E /* MainView.swift in Sources */ = {isa = PBXBuildFile; fileRef = 32FD345C2604758000FBA12E /* MainView.swift */; };
		63FED798E518D7D25B10F14C /* Pods_movies_swiftuiTests.framework in Frameworks */ = {isa = PBXBuildFile; fileRef = FFA2E2829A47951E99FA488F /* Pods_movies_swiftuiTests.framework */; };
		9D48989381BB418C05EA803D /* Pods_movies_swiftui_movies_swiftuiUITests.framework in Frameworks */ = {isa = PBXBuildFile; fileRef = 9509E8FA8092732B234EADB7 /* Pods_movies_swiftui_movies_swiftuiUITests.framework */; };
/* End PBXBuildFile section */

/* Begin PBXContainerItemProxy section */
		3290E60F2438437200D16DA6 /* PBXContainerItemProxy */ = {
			isa = PBXContainerItemProxy;
			containerPortal = 3290E5F02438437000D16DA6 /* Project object */;
			proxyType = 1;
			remoteGlobalIDString = 3290E5F72438437000D16DA6;
			remoteInfo = "movies-swiftui";
		};
		3290E61A2438437200D16DA6 /* PBXContainerItemProxy */ = {
			isa = PBXContainerItemProxy;
			containerPortal = 3290E5F02438437000D16DA6 /* Project object */;
			proxyType = 1;
			remoteGlobalIDString = 3290E5F72438437000D16DA6;
			remoteInfo = "movies-swiftui";
		};
/* End PBXContainerItemProxy section */

/* Begin PBXFileReference section */
		23344905B0770EDFE9601BC5 /* Pods-movies-swiftui-movies-swiftuiUITests.debug.xcconfig */ = {isa = PBXFileReference; includeInIndex = 1; lastKnownFileType = text.xcconfig; name = "Pods-movies-swiftui-movies-swiftuiUITests.debug.xcconfig"; path = "Target Support Files/Pods-movies-swiftui-movies-swiftuiUITests/Pods-movies-swiftui-movies-swiftuiUITests.debug.xcconfig"; sourceTree = "<group>"; };
		320F38F025F34ADA00150251 /* CreditResult.swift */ = {isa = PBXFileReference; lastKnownFileType = sourcecode.swift; path = CreditResult.swift; sourceTree = "<group>"; };
		3221ABA024393F8800E6B119 /* Env.swift */ = {isa = PBXFileReference; lastKnownFileType = sourcecode.swift; path = Env.swift; sourceTree = "<group>"; };
		3221ABA424398AA700E6B119 /* MovieScreen.swift */ = {isa = PBXFileReference; lastKnownFileType = sourcecode.swift; path = MovieScreen.swift; sourceTree = "<group>"; };
		3221ABA6243998FC00E6B119 /* Genre.swift */ = {isa = PBXFileReference; lastKnownFileType = sourcecode.swift; path = Genre.swift; sourceTree = "<group>"; };
		3221ABA9243A6A9900E6B119 /* HomeScreenViewModel.swift */ = {isa = PBXFileReference; lastKnownFileType = sourcecode.swift; path = HomeScreenViewModel.swift; sourceTree = "<group>"; };
		3221B8A12709954E00B1D946 /* PeopleScreen.swift */ = {isa = PBXFileReference; lastKnownFileType = sourcecode.swift; path = PeopleScreen.swift; sourceTree = "<group>"; };
		3223B46325CE51EC00264726 /* MovieScreenViewModel.swift */ = {isa = PBXFileReference; lastKnownFileType = sourcecode.swift; path = MovieScreenViewModel.swift; sourceTree = "<group>"; };
		3223B46C25DCE14500264726 /* MoviePoster.swift */ = {isa = PBXFileReference; lastKnownFileType = sourcecode.swift; path = MoviePoster.swift; sourceTree = "<group>"; };
		3225F9FD2711421F00E9F1BE /* PeopleScreenViewModel.swift */ = {isa = PBXFileReference; lastKnownFileType = sourcecode.swift; path = PeopleScreenViewModel.swift; sourceTree = "<group>"; };
		3225F9FF27114B3800E9F1BE /* PersonResult.swift */ = {isa = PBXFileReference; lastKnownFileType = sourcecode.swift; path = PersonResult.swift; sourceTree = "<group>"; };
		3225FA0527253BC000E9F1BE /* LoadableViewModel.swift */ = {isa = PBXFileReference; lastKnownFileType = sourcecode.swift; path = LoadableViewModel.swift; sourceTree = "<group>"; };
		3225FA0727253D4F00E9F1BE /* LoadableView.swift */ = {isa = PBXFileReference; lastKnownFileType = sourcecode.swift; path = LoadableView.swift; sourceTree = "<group>"; };
		3225FA09272BA5D600E9F1BE /* TextBlock.swift */ = {isa = PBXFileReference; lastKnownFileType = sourcecode.swift; path = TextBlock.swift; sourceTree = "<group>"; };
		3225FA0B272F233D00E9F1BE /* PictureScreenHeader.swift */ = {isa = PBXFileReference; lastKnownFileType = sourcecode.swift; path = PictureScreenHeader.swift; sourceTree = "<group>"; };
		3225FA0D272F8B9600E9F1BE /* InfoRowView.swift */ = {isa = PBXFileReference; lastKnownFileType = sourcecode.swift; path = InfoRowView.swift; sourceTree = "<group>"; };
		324E11E524393B9A001CAD62 /* .gitignore */ = {isa = PBXFileReference; lastKnownFileType = text; path = .gitignore; sourceTree = "<group>"; };
		3290E5F82438437000D16DA6 /* movies-swiftui.app */ = {isa = PBXFileReference; explicitFileType = wrapper.application; includeInIndex = 0; path = "movies-swiftui.app"; sourceTree = BUILT_PRODUCTS_DIR; };
		3290E5FB2438437000D16DA6 /* AppDelegate.swift */ = {isa = PBXFileReference; lastKnownFileType = sourcecode.swift; path = AppDelegate.swift; sourceTree = "<group>"; };
		3290E5FD2438437000D16DA6 /* SceneDelegate.swift */ = {isa = PBXFileReference; lastKnownFileType = sourcecode.swift; path = SceneDelegate.swift; sourceTree = "<group>"; };
		3290E5FF2438437000D16DA6 /* HomeScreen.swift */ = {isa = PBXFileReference; lastKnownFileType = sourcecode.swift; path = HomeScreen.swift; sourceTree = "<group>"; };
		3290E6012438437200D16DA6 /* Assets.xcassets */ = {isa = PBXFileReference; lastKnownFileType = folder.assetcatalog; path = Assets.xcassets; sourceTree = "<group>"; };
		3290E6042438437200D16DA6 /* Preview Assets.xcassets */ = {isa = PBXFileReference; lastKnownFileType = folder.assetcatalog; path = "Preview Assets.xcassets"; sourceTree = "<group>"; };
		3290E6092438437200D16DA6 /* Info.plist */ = {isa = PBXFileReference; lastKnownFileType = text.plist.xml; path = Info.plist; sourceTree = "<group>"; };
		3290E60E2438437200D16DA6 /* movies-swiftuiTests.xctest */ = {isa = PBXFileReference; explicitFileType = wrapper.cfbundle; includeInIndex = 0; path = "movies-swiftuiTests.xctest"; sourceTree = BUILT_PRODUCTS_DIR; };
		3290E6122438437200D16DA6 /* movies_swiftuiTests.swift */ = {isa = PBXFileReference; lastKnownFileType = sourcecode.swift; path = movies_swiftuiTests.swift; sourceTree = "<group>"; };
		3290E6142438437200D16DA6 /* Info.plist */ = {isa = PBXFileReference; lastKnownFileType = text.plist.xml; path = Info.plist; sourceTree = "<group>"; };
		3290E6192438437200D16DA6 /* movies-swiftuiUITests.xctest */ = {isa = PBXFileReference; explicitFileType = wrapper.cfbundle; includeInIndex = 0; path = "movies-swiftuiUITests.xctest"; sourceTree = BUILT_PRODUCTS_DIR; };
		3290E61D2438437200D16DA6 /* movies_swiftuiUITests.swift */ = {isa = PBXFileReference; lastKnownFileType = sourcecode.swift; path = movies_swiftuiUITests.swift; sourceTree = "<group>"; };
		3290E61F2438437200D16DA6 /* Info.plist */ = {isa = PBXFileReference; lastKnownFileType = text.plist.xml; path = Info.plist; sourceTree = "<group>"; };
		3290E62C243843B600D16DA6 /* ApiService.swift */ = {isa = PBXFileReference; lastKnownFileType = sourcecode.swift; path = ApiService.swift; sourceTree = "<group>"; };
		3290E62F243843FC00D16DA6 /* Secrets.swift */ = {isa = PBXFileReference; lastKnownFileType = sourcecode.swift; path = Secrets.swift; sourceTree = "<group>"; };
		3290E633243844CA00D16DA6 /* MovieService.swift */ = {isa = PBXFileReference; lastKnownFileType = sourcecode.swift; path = MovieService.swift; sourceTree = "<group>"; };
		3290E636243844FC00D16DA6 /* MovieResult.swift */ = {isa = PBXFileReference; lastKnownFileType = sourcecode.swift; path = MovieResult.swift; sourceTree = "<group>"; };
		3290E6392438490700D16DA6 /* TMDBImageUtil.swift */ = {isa = PBXFileReference; lastKnownFileType = sourcecode.swift; path = TMDBImageUtil.swift; sourceTree = "<group>"; };
		3298D1F925F75F600075F497 /* TintOverlay.swift */ = {isa = PBXFileReference; lastKnownFileType = sourcecode.swift; path = TintOverlay.swift; sourceTree = "<group>"; };
		3298D1FE25FC8BEB0075F497 /* MovieInfoRow.swift */ = {isa = PBXFileReference; lastKnownFileType = sourcecode.swift; path = MovieInfoRow.swift; sourceTree = "<group>"; };
		3298D20325FD515E0075F497 /* CreditsCarousel.swift */ = {isa = PBXFileReference; lastKnownFileType = sourcecode.swift; path = CreditsCarousel.swift; sourceTree = "<group>"; };
		32ECC7CB260D6EFA00D1DB44 /* MoviePosterScroll.swift */ = {isa = PBXFileReference; lastKnownFileType = sourcecode.swift; path = MoviePosterScroll.swift; sourceTree = "<group>"; };
		32FD345C2604758000FBA12E /* MainView.swift */ = {isa = PBXFileReference; lastKnownFileType = sourcecode.swift; path = MainView.swift; sourceTree = "<group>"; };
		5C4AAC864853A128C77C75AD /* Pods-movies-swiftui-movies-swiftuiUITests.release.xcconfig */ = {isa = PBXFileReference; includeInIndex = 1; lastKnownFileType = text.xcconfig; name = "Pods-movies-swiftui-movies-swiftuiUITests.release.xcconfig"; path = "Target Support Files/Pods-movies-swiftui-movies-swiftuiUITests/Pods-movies-swiftui-movies-swiftuiUITests.release.xcconfig"; sourceTree = "<group>"; };
		64B659F5E2EBECE303450271 /* Pods-movies-swiftui.release.xcconfig */ = {isa = PBXFileReference; includeInIndex = 1; lastKnownFileType = text.xcconfig; name = "Pods-movies-swiftui.release.xcconfig"; path = "Target Support Files/Pods-movies-swiftui/Pods-movies-swiftui.release.xcconfig"; sourceTree = "<group>"; };
		7E11E86D5F55FEB6CCDEAF16 /* Pods_movies_swiftui.framework */ = {isa = PBXFileReference; explicitFileType = wrapper.framework; includeInIndex = 0; path = Pods_movies_swiftui.framework; sourceTree = BUILT_PRODUCTS_DIR; };
		9509E8FA8092732B234EADB7 /* Pods_movies_swiftui_movies_swiftuiUITests.framework */ = {isa = PBXFileReference; explicitFileType = wrapper.framework; includeInIndex = 0; path = Pods_movies_swiftui_movies_swiftuiUITests.framework; sourceTree = BUILT_PRODUCTS_DIR; };
		B3A8465185E66F54F31BAE53 /* Pods-movies-swiftuiTests.debug.xcconfig */ = {isa = PBXFileReference; includeInIndex = 1; lastKnownFileType = text.xcconfig; name = "Pods-movies-swiftuiTests.debug.xcconfig"; path = "Target Support Files/Pods-movies-swiftuiTests/Pods-movies-swiftuiTests.debug.xcconfig"; sourceTree = "<group>"; };
		B7FFAD07CB0BEC6634C530D7 /* Pods-movies-swiftuiTests.release.xcconfig */ = {isa = PBXFileReference; includeInIndex = 1; lastKnownFileType = text.xcconfig; name = "Pods-movies-swiftuiTests.release.xcconfig"; path = "Target Support Files/Pods-movies-swiftuiTests/Pods-movies-swiftuiTests.release.xcconfig"; sourceTree = "<group>"; };
		B8C87FB7398FC1D5E562BCC4 /* Pods-movies-swiftui.debug.xcconfig */ = {isa = PBXFileReference; includeInIndex = 1; lastKnownFileType = text.xcconfig; name = "Pods-movies-swiftui.debug.xcconfig"; path = "Target Support Files/Pods-movies-swiftui/Pods-movies-swiftui.debug.xcconfig"; sourceTree = "<group>"; };
		FFA2E2829A47951E99FA488F /* Pods_movies_swiftuiTests.framework */ = {isa = PBXFileReference; explicitFileType = wrapper.framework; includeInIndex = 0; path = Pods_movies_swiftuiTests.framework; sourceTree = BUILT_PRODUCTS_DIR; };
/* End PBXFileReference section */

/* Begin PBXFrameworksBuildPhase section */
		3290E5F52438437000D16DA6 /* Frameworks */ = {
			isa = PBXFrameworksBuildPhase;
			buildActionMask = 2147483647;
			files = (
				19D8EA47D2DA8913AEA1903A /* Pods_movies_swiftui.framework in Frameworks */,
			);
			runOnlyForDeploymentPostprocessing = 0;
		};
		3290E60B2438437200D16DA6 /* Frameworks */ = {
			isa = PBXFrameworksBuildPhase;
			buildActionMask = 2147483647;
			files = (
				63FED798E518D7D25B10F14C /* Pods_movies_swiftuiTests.framework in Frameworks */,
			);
			runOnlyForDeploymentPostprocessing = 0;
		};
		3290E6162438437200D16DA6 /* Frameworks */ = {
			isa = PBXFrameworksBuildPhase;
			buildActionMask = 2147483647;
			files = (
				9D48989381BB418C05EA803D /* Pods_movies_swiftui_movies_swiftuiUITests.framework in Frameworks */,
			);
			runOnlyForDeploymentPostprocessing = 0;
		};
/* End PBXFrameworksBuildPhase section */

/* Begin PBXGroup section */
		041C0F41D4A313406443DF7F /* Pods */ = {
			isa = PBXGroup;
			children = (
				B8C87FB7398FC1D5E562BCC4 /* Pods-movies-swiftui.debug.xcconfig */,
				64B659F5E2EBECE303450271 /* Pods-movies-swiftui.release.xcconfig */,
				23344905B0770EDFE9601BC5 /* Pods-movies-swiftui-movies-swiftuiUITests.debug.xcconfig */,
				5C4AAC864853A128C77C75AD /* Pods-movies-swiftui-movies-swiftuiUITests.release.xcconfig */,
				B3A8465185E66F54F31BAE53 /* Pods-movies-swiftuiTests.debug.xcconfig */,
				B7FFAD07CB0BEC6634C530D7 /* Pods-movies-swiftuiTests.release.xcconfig */,
			);
			path = Pods;
			sourceTree = "<group>";
		};
		3221ABA224398A8E00E6B119 /* Screens */ = {
			isa = PBXGroup;
			children = (
				3221B8A02709953300B1D946 /* PeopleScreen */,
				32FD34612604783F00FBA12E /* HomeScreen */,
				3221ABA324398A9600E6B119 /* MovieScreen */,
			);
			path = Screens;
			sourceTree = "<group>";
		};
		3221ABA324398A9600E6B119 /* MovieScreen */ = {
			isa = PBXGroup;
			children = (
				3223B46325CE51EC00264726 /* MovieScreenViewModel.swift */,
				3221ABA424398AA700E6B119 /* MovieScreen.swift */,
				3298D1FE25FC8BEB0075F497 /* MovieInfoRow.swift */,
				3298D20325FD515E0075F497 /* CreditsCarousel.swift */,
			);
			path = MovieScreen;
			sourceTree = "<group>";
		};
		3221ABA8243A6A8900E6B119 /* ViewModels */ = {
			isa = PBXGroup;
			children = (
				3225FA0527253BC000E9F1BE /* LoadableViewModel.swift */,
			);
			path = ViewModels;
			sourceTree = "<group>";
		};
		3221B8A02709953300B1D946 /* PeopleScreen */ = {
			isa = PBXGroup;
			children = (
				3221B8A12709954E00B1D946 /* PeopleScreen.swift */,
				3225F9FD2711421F00E9F1BE /* PeopleScreenViewModel.swift */,
			);
			path = PeopleScreen;
			sourceTree = "<group>";
		};
		3223B46B25DCE13100264726 /* Components */ = {
			isa = PBXGroup;
			children = (
				3223B46C25DCE14500264726 /* MoviePoster.swift */,
				3298D1F925F75F600075F497 /* TintOverlay.swift */,
				32ECC7CB260D6EFA00D1DB44 /* MoviePosterScroll.swift */,
				3225FA0727253D4F00E9F1BE /* LoadableView.swift */,
				3225FA09272BA5D600E9F1BE /* TextBlock.swift */,
				3225FA0B272F233D00E9F1BE /* PictureScreenHeader.swift */,
				3225FA0D272F8B9600E9F1BE /* InfoRowView.swift */,
			);
			path = Components;
			sourceTree = "<group>";
		};
		3290E5EF2438437000D16DA6 = {
			isa = PBXGroup;
			children = (
				324E11E524393B9A001CAD62 /* .gitignore */,
				3290E5FA2438437000D16DA6 /* movies-swiftui */,
				3290E6112438437200D16DA6 /* movies-swiftuiTests */,
				3290E61C2438437200D16DA6 /* movies-swiftuiUITests */,
				3290E5F92438437000D16DA6 /* Products */,
				041C0F41D4A313406443DF7F /* Pods */,
				4F37F3642C2E0A010A97EA22 /* Frameworks */,
			);
			sourceTree = "<group>";
		};
		3290E5F92438437000D16DA6 /* Products */ = {
			isa = PBXGroup;
			children = (
				3290E5F82438437000D16DA6 /* movies-swiftui.app */,
				3290E60E2438437200D16DA6 /* movies-swiftuiTests.xctest */,
				3290E6192438437200D16DA6 /* movies-swiftuiUITests.xctest */,
			);
			name = Products;
			sourceTree = "<group>";
		};
		3290E5FA2438437000D16DA6 /* movies-swiftui */ = {
			isa = PBXGroup;
			children = (
				3223B46B25DCE13100264726 /* Components */,
				3221ABA8243A6A8900E6B119 /* ViewModels */,
				3221ABA224398A8E00E6B119 /* Screens */,
				3290E638243848F400D16DA6 /* Util */,
				3290E635243844EA00D16DA6 /* Models */,
				3290E62E243843E500D16DA6 /* Config */,
				3290E62B2438439D00D16DA6 /* Services */,
				3290E5FB2438437000D16DA6 /* AppDelegate.swift */,
				3290E5FD2438437000D16DA6 /* SceneDelegate.swift */,
				32FD345C2604758000FBA12E /* MainView.swift */,
				3290E6012438437200D16DA6 /* Assets.xcassets */,
				3290E6092438437200D16DA6 /* Info.plist */,
				3290E6032438437200D16DA6 /* Preview Content */,
				3221ABA024393F8800E6B119 /* Env.swift */,
			);
			path = "movies-swiftui";
			sourceTree = "<group>";
		};
		3290E6032438437200D16DA6 /* Preview Content */ = {
			isa = PBXGroup;
			children = (
				3290E6042438437200D16DA6 /* Preview Assets.xcassets */,
			);
			path = "Preview Content";
			sourceTree = "<group>";
		};
		3290E6112438437200D16DA6 /* movies-swiftuiTests */ = {
			isa = PBXGroup;
			children = (
				3290E6122438437200D16DA6 /* movies_swiftuiTests.swift */,
				3290E6142438437200D16DA6 /* Info.plist */,
			);
			path = "movies-swiftuiTests";
			sourceTree = "<group>";
		};
		3290E61C2438437200D16DA6 /* movies-swiftuiUITests */ = {
			isa = PBXGroup;
			children = (
				3290E61D2438437200D16DA6 /* movies_swiftuiUITests.swift */,
				3290E61F2438437200D16DA6 /* Info.plist */,
			);
			path = "movies-swiftuiUITests";
			sourceTree = "<group>";
		};
		3290E62B2438439D00D16DA6 /* Services */ = {
			isa = PBXGroup;
			children = (
				3290E62C243843B600D16DA6 /* ApiService.swift */,
				3290E633243844CA00D16DA6 /* MovieService.swift */,
			);
			path = Services;
			sourceTree = "<group>";
		};
		3290E62E243843E500D16DA6 /* Config */ = {
			isa = PBXGroup;
			children = (
				3290E62F243843FC00D16DA6 /* Secrets.swift */,
			);
			path = Config;
			sourceTree = "<group>";
		};
		3290E635243844EA00D16DA6 /* Models */ = {
			isa = PBXGroup;
			children = (
				3221ABA6243998FC00E6B119 /* Genre.swift */,
				3290E636243844FC00D16DA6 /* MovieResult.swift */,
				320F38F025F34ADA00150251 /* CreditResult.swift */,
				3225F9FF27114B3800E9F1BE /* PersonResult.swift */,
			);
			path = Models;
			sourceTree = "<group>";
		};
		3290E638243848F400D16DA6 /* Util */ = {
			isa = PBXGroup;
			children = (
				3290E6392438490700D16DA6 /* TMDBImageUtil.swift */,
			);
			path = Util;
			sourceTree = "<group>";
		};
		32FD34612604783F00FBA12E /* HomeScreen */ = {
			isa = PBXGroup;
			children = (
				3221ABA9243A6A9900E6B119 /* HomeScreenViewModel.swift */,
				3290E5FF2438437000D16DA6 /* HomeScreen.swift */,
			);
			path = HomeScreen;
			sourceTree = "<group>";
		};
		4F37F3642C2E0A010A97EA22 /* Frameworks */ = {
			isa = PBXGroup;
			children = (
				7E11E86D5F55FEB6CCDEAF16 /* Pods_movies_swiftui.framework */,
				9509E8FA8092732B234EADB7 /* Pods_movies_swiftui_movies_swiftuiUITests.framework */,
				FFA2E2829A47951E99FA488F /* Pods_movies_swiftuiTests.framework */,
			);
			name = Frameworks;
			sourceTree = "<group>";
		};
/* End PBXGroup section */

/* Begin PBXNativeTarget section */
		3290E5F72438437000D16DA6 /* movies-swiftui */ = {
			isa = PBXNativeTarget;
			buildConfigurationList = 3290E6222438437200D16DA6 /* Build configuration list for PBXNativeTarget "movies-swiftui" */;
			buildPhases = (
				EFE31334593AEA6B0526C34C /* [CP] Check Pods Manifest.lock */,
				3290E5F42438437000D16DA6 /* Sources */,
				3290E5F52438437000D16DA6 /* Frameworks */,
				3290E5F62438437000D16DA6 /* Resources */,
				44871F69EF5D8EA4E3AC2D99 /* [CP] Embed Pods Frameworks */,
			);
			buildRules = (
			);
			dependencies = (
			);
			name = "movies-swiftui";
			productName = "movies-swiftui";
			productReference = 3290E5F82438437000D16DA6 /* movies-swiftui.app */;
			productType = "com.apple.product-type.application";
		};
		3290E60D2438437200D16DA6 /* movies-swiftuiTests */ = {
			isa = PBXNativeTarget;
			buildConfigurationList = 3290E6252438437200D16DA6 /* Build configuration list for PBXNativeTarget "movies-swiftuiTests" */;
			buildPhases = (
				FF3490D1589588C6F62F978A /* [CP] Check Pods Manifest.lock */,
				3290E60A2438437200D16DA6 /* Sources */,
				3290E60B2438437200D16DA6 /* Frameworks */,
				3290E60C2438437200D16DA6 /* Resources */,
			);
			buildRules = (
			);
			dependencies = (
				3290E6102438437200D16DA6 /* PBXTargetDependency */,
			);
			name = "movies-swiftuiTests";
			productName = "movies-swiftuiTests";
			productReference = 3290E60E2438437200D16DA6 /* movies-swiftuiTests.xctest */;
			productType = "com.apple.product-type.bundle.unit-test";
		};
		3290E6182438437200D16DA6 /* movies-swiftuiUITests */ = {
			isa = PBXNativeTarget;
			buildConfigurationList = 3290E6282438437200D16DA6 /* Build configuration list for PBXNativeTarget "movies-swiftuiUITests" */;
			buildPhases = (
				51DCE89CFB2365DC461402B8 /* [CP] Check Pods Manifest.lock */,
				3290E6152438437200D16DA6 /* Sources */,
				3290E6162438437200D16DA6 /* Frameworks */,
				3290E6172438437200D16DA6 /* Resources */,
				C25812C9B44ED74E7A810A10 /* [CP] Embed Pods Frameworks */,
			);
			buildRules = (
			);
			dependencies = (
				3290E61B2438437200D16DA6 /* PBXTargetDependency */,
			);
			name = "movies-swiftuiUITests";
			productName = "movies-swiftuiUITests";
			productReference = 3290E6192438437200D16DA6 /* movies-swiftuiUITests.xctest */;
			productType = "com.apple.product-type.bundle.ui-testing";
		};
/* End PBXNativeTarget section */

/* Begin PBXProject section */
		3290E5F02438437000D16DA6 /* Project object */ = {
			isa = PBXProject;
			attributes = {
				LastSwiftUpdateCheck = 1130;
				LastUpgradeCheck = 1230;
				ORGANIZATIONNAME = "Casey McGuire";
				TargetAttributes = {
					3290E5F72438437000D16DA6 = {
						CreatedOnToolsVersion = 11.3.1;
					};
					3290E60D2438437200D16DA6 = {
						CreatedOnToolsVersion = 11.3.1;
						TestTargetID = 3290E5F72438437000D16DA6;
					};
					3290E6182438437200D16DA6 = {
						CreatedOnToolsVersion = 11.3.1;
						TestTargetID = 3290E5F72438437000D16DA6;
					};
				};
			};
			buildConfigurationList = 3290E5F32438437000D16DA6 /* Build configuration list for PBXProject "movies-swiftui" */;
			compatibilityVersion = "Xcode 9.3";
			developmentRegion = en;
			hasScannedForEncodings = 0;
			knownRegions = (
				en,
				Base,
			);
			mainGroup = 3290E5EF2438437000D16DA6;
			productRefGroup = 3290E5F92438437000D16DA6 /* Products */;
			projectDirPath = "";
			projectRoot = "";
			targets = (
				3290E5F72438437000D16DA6 /* movies-swiftui */,
				3290E60D2438437200D16DA6 /* movies-swiftuiTests */,
				3290E6182438437200D16DA6 /* movies-swiftuiUITests */,
			);
		};
/* End PBXProject section */

/* Begin PBXResourcesBuildPhase section */
		3290E5F62438437000D16DA6 /* Resources */ = {
			isa = PBXResourcesBuildPhase;
			buildActionMask = 2147483647;
			files = (
				324E11E624393B9A001CAD62 /* .gitignore in Resources */,
				3290E6052438437200D16DA6 /* Preview Assets.xcassets in Resources */,
				3290E6022438437200D16DA6 /* Assets.xcassets in Resources */,
			);
			runOnlyForDeploymentPostprocessing = 0;
		};
		3290E60C2438437200D16DA6 /* Resources */ = {
			isa = PBXResourcesBuildPhase;
			buildActionMask = 2147483647;
			files = (
			);
			runOnlyForDeploymentPostprocessing = 0;
		};
		3290E6172438437200D16DA6 /* Resources */ = {
			isa = PBXResourcesBuildPhase;
			buildActionMask = 2147483647;
			files = (
			);
			runOnlyForDeploymentPostprocessing = 0;
		};
/* End PBXResourcesBuildPhase section */

/* Begin PBXShellScriptBuildPhase section */
		44871F69EF5D8EA4E3AC2D99 /* [CP] Embed Pods Frameworks */ = {
			isa = PBXShellScriptBuildPhase;
			buildActionMask = 2147483647;
			files = (
			);
			inputFileListPaths = (
				"${PODS_ROOT}/Target Support Files/Pods-movies-swiftui/Pods-movies-swiftui-frameworks-${CONFIGURATION}-input-files.xcfilelist",
			);
			name = "[CP] Embed Pods Frameworks";
			outputFileListPaths = (
				"${PODS_ROOT}/Target Support Files/Pods-movies-swiftui/Pods-movies-swiftui-frameworks-${CONFIGURATION}-output-files.xcfilelist",
			);
			runOnlyForDeploymentPostprocessing = 0;
			shellPath = /bin/sh;
			shellScript = "\"${PODS_ROOT}/Target Support Files/Pods-movies-swiftui/Pods-movies-swiftui-frameworks.sh\"\n";
			showEnvVarsInLog = 0;
		};
		51DCE89CFB2365DC461402B8 /* [CP] Check Pods Manifest.lock */ = {
			isa = PBXShellScriptBuildPhase;
			buildActionMask = 2147483647;
			files = (
			);
			inputFileListPaths = (
			);
			inputPaths = (
				"${PODS_PODFILE_DIR_PATH}/Podfile.lock",
				"${PODS_ROOT}/Manifest.lock",
			);
			name = "[CP] Check Pods Manifest.lock";
			outputFileListPaths = (
			);
			outputPaths = (
				"$(DERIVED_FILE_DIR)/Pods-movies-swiftui-movies-swiftuiUITests-checkManifestLockResult.txt",
			);
			runOnlyForDeploymentPostprocessing = 0;
			shellPath = /bin/sh;
			shellScript = "diff \"${PODS_PODFILE_DIR_PATH}/Podfile.lock\" \"${PODS_ROOT}/Manifest.lock\" > /dev/null\nif [ $? != 0 ] ; then\n    # print error to STDERR\n    echo \"error: The sandbox is not in sync with the Podfile.lock. Run 'pod install' or update your CocoaPods installation.\" >&2\n    exit 1\nfi\n# This output is used by Xcode 'outputs' to avoid re-running this script phase.\necho \"SUCCESS\" > \"${SCRIPT_OUTPUT_FILE_0}\"\n";
			showEnvVarsInLog = 0;
		};
		C25812C9B44ED74E7A810A10 /* [CP] Embed Pods Frameworks */ = {
			isa = PBXShellScriptBuildPhase;
			buildActionMask = 2147483647;
			files = (
			);
			inputFileListPaths = (
				"${PODS_ROOT}/Target Support Files/Pods-movies-swiftui-movies-swiftuiUITests/Pods-movies-swiftui-movies-swiftuiUITests-frameworks-${CONFIGURATION}-input-files.xcfilelist",
			);
			name = "[CP] Embed Pods Frameworks";
			outputFileListPaths = (
				"${PODS_ROOT}/Target Support Files/Pods-movies-swiftui-movies-swiftuiUITests/Pods-movies-swiftui-movies-swiftuiUITests-frameworks-${CONFIGURATION}-output-files.xcfilelist",
			);
			runOnlyForDeploymentPostprocessing = 0;
			shellPath = /bin/sh;
			shellScript = "\"${PODS_ROOT}/Target Support Files/Pods-movies-swiftui-movies-swiftuiUITests/Pods-movies-swiftui-movies-swiftuiUITests-frameworks.sh\"\n";
			showEnvVarsInLog = 0;
		};
		EFE31334593AEA6B0526C34C /* [CP] Check Pods Manifest.lock */ = {
			isa = PBXShellScriptBuildPhase;
			buildActionMask = 2147483647;
			files = (
			);
			inputFileListPaths = (
			);
			inputPaths = (
				"${PODS_PODFILE_DIR_PATH}/Podfile.lock",
				"${PODS_ROOT}/Manifest.lock",
			);
			name = "[CP] Check Pods Manifest.lock";
			outputFileListPaths = (
			);
			outputPaths = (
				"$(DERIVED_FILE_DIR)/Pods-movies-swiftui-checkManifestLockResult.txt",
			);
			runOnlyForDeploymentPostprocessing = 0;
			shellPath = /bin/sh;
			shellScript = "diff \"${PODS_PODFILE_DIR_PATH}/Podfile.lock\" \"${PODS_ROOT}/Manifest.lock\" > /dev/null\nif [ $? != 0 ] ; then\n    # print error to STDERR\n    echo \"error: The sandbox is not in sync with the Podfile.lock. Run 'pod install' or update your CocoaPods installation.\" >&2\n    exit 1\nfi\n# This output is used by Xcode 'outputs' to avoid re-running this script phase.\necho \"SUCCESS\" > \"${SCRIPT_OUTPUT_FILE_0}\"\n";
			showEnvVarsInLog = 0;
		};
		FF3490D1589588C6F62F978A /* [CP] Check Pods Manifest.lock */ = {
			isa = PBXShellScriptBuildPhase;
			buildActionMask = 2147483647;
			files = (
			);
			inputFileListPaths = (
			);
			inputPaths = (
				"${PODS_PODFILE_DIR_PATH}/Podfile.lock",
				"${PODS_ROOT}/Manifest.lock",
			);
			name = "[CP] Check Pods Manifest.lock";
			outputFileListPaths = (
			);
			outputPaths = (
				"$(DERIVED_FILE_DIR)/Pods-movies-swiftuiTests-checkManifestLockResult.txt",
			);
			runOnlyForDeploymentPostprocessing = 0;
			shellPath = /bin/sh;
			shellScript = "diff \"${PODS_PODFILE_DIR_PATH}/Podfile.lock\" \"${PODS_ROOT}/Manifest.lock\" > /dev/null\nif [ $? != 0 ] ; then\n    # print error to STDERR\n    echo \"error: The sandbox is not in sync with the Podfile.lock. Run 'pod install' or update your CocoaPods installation.\" >&2\n    exit 1\nfi\n# This output is used by Xcode 'outputs' to avoid re-running this script phase.\necho \"SUCCESS\" > \"${SCRIPT_OUTPUT_FILE_0}\"\n";
			showEnvVarsInLog = 0;
		};
/* End PBXShellScriptBuildPhase section */

/* Begin PBXSourcesBuildPhase section */
		3290E5F42438437000D16DA6 /* Sources */ = {
			isa = PBXSourcesBuildPhase;
			buildActionMask = 2147483647;
			files = (
				3221ABA524398AA700E6B119 /* MovieScreen.swift in Sources */,
				320F38F125F34ADA00150251 /* CreditResult.swift in Sources */,
				3298D20425FD515E0075F497 /* CreditsCarousel.swift in Sources */,
				3221ABAA243A6A9900E6B119 /* HomeScreenViewModel.swift in Sources */,
				3290E5FC2438437000D16DA6 /* AppDelegate.swift in Sources */,
				32FD345D2604758000FBA12E /* MainView.swift in Sources */,
				3221B8A22709954E00B1D946 /* PeopleScreen.swift in Sources */,
				3290E630243843FC00D16DA6 /* Secrets.swift in Sources */,
				3225FA0827253D4F00E9F1BE /* LoadableView.swift in Sources */,
				3221ABA7243998FC00E6B119 /* Genre.swift in Sources */,
				3290E5FE2438437000D16DA6 /* SceneDelegate.swift in Sources */,
				3225FA0A272BA5D600E9F1BE /* TextBlock.swift in Sources */,
				3221ABA124393F8800E6B119 /* Env.swift in Sources */,
				3225FA0C272F233D00E9F1BE /* PictureScreenHeader.swift in Sources */,
				3290E637243844FC00D16DA6 /* MovieResult.swift in Sources */,
				3225FA0E272F8B9600E9F1BE /* InfoRowView.swift in Sources */,
				3298D1FF25FC8BEB0075F497 /* MovieInfoRow.swift in Sources */,
				3290E62D243843B600D16DA6 /* ApiService.swift in Sources */,
				32ECC7CC260D6EFA00D1DB44 /* MoviePosterScroll.swift in Sources */,
				3290E63A2438490700D16DA6 /* TMDBImageUtil.swift in Sources */,
				3225FA0627253BC000E9F1BE /* LoadableViewModel.swift in Sources */,
				3223B46425CE51EC00264726 /* MovieScreenViewModel.swift in Sources */,
				3225F9FE2711421F00E9F1BE /* PeopleScreenViewModel.swift in Sources */,
				3223B46D25DCE14500264726 /* MoviePoster.swift in Sources */,
				3298D1FA25F75F600075F497 /* TintOverlay.swift in Sources */,
				3290E6002438437000D16DA6 /* HomeScreen.swift in Sources */,
				3290E634243844CA00D16DA6 /* MovieService.swift in Sources */,
				3225FA0027114B3800E9F1BE /* PersonResult.swift in Sources */,
			);
			runOnlyForDeploymentPostprocessing = 0;
		};
		3290E60A2438437200D16DA6 /* Sources */ = {
			isa = PBXSourcesBuildPhase;
			buildActionMask = 2147483647;
			files = (
				3290E6132438437200D16DA6 /* movies_swiftuiTests.swift in Sources */,
			);
			runOnlyForDeploymentPostprocessing = 0;
		};
		3290E6152438437200D16DA6 /* Sources */ = {
			isa = PBXSourcesBuildPhase;
			buildActionMask = 2147483647;
			files = (
				3290E61E2438437200D16DA6 /* movies_swiftuiUITests.swift in Sources */,
			);
			runOnlyForDeploymentPostprocessing = 0;
		};
/* End PBXSourcesBuildPhase section */

/* Begin PBXTargetDependency section */
		3290E6102438437200D16DA6 /* PBXTargetDependency */ = {
			isa = PBXTargetDependency;
			target = 3290E5F72438437000D16DA6 /* movies-swiftui */;
			targetProxy = 3290E60F2438437200D16DA6 /* PBXContainerItemProxy */;
		};
		3290E61B2438437200D16DA6 /* PBXTargetDependency */ = {
			isa = PBXTargetDependency;
			target = 3290E5F72438437000D16DA6 /* movies-swiftui */;
			targetProxy = 3290E61A2438437200D16DA6 /* PBXContainerItemProxy */;
		};
/* End PBXTargetDependency section */

/* Begin XCBuildConfiguration section */
		3290E6202438437200D16DA6 /* Debug */ = {
			isa = XCBuildConfiguration;
			buildSettings = {
				ALWAYS_SEARCH_USER_PATHS = NO;
				CLANG_ANALYZER_NONNULL = YES;
				CLANG_ANALYZER_NUMBER_OBJECT_CONVERSION = YES_AGGRESSIVE;
				CLANG_CXX_LANGUAGE_STANDARD = "gnu++14";
				CLANG_CXX_LIBRARY = "libc++";
				CLANG_ENABLE_MODULES = YES;
				CLANG_ENABLE_OBJC_ARC = YES;
				CLANG_ENABLE_OBJC_WEAK = YES;
				CLANG_WARN_BLOCK_CAPTURE_AUTORELEASING = YES;
				CLANG_WARN_BOOL_CONVERSION = YES;
				CLANG_WARN_COMMA = YES;
				CLANG_WARN_CONSTANT_CONVERSION = YES;
				CLANG_WARN_DEPRECATED_OBJC_IMPLEMENTATIONS = YES;
				CLANG_WARN_DIRECT_OBJC_ISA_USAGE = YES_ERROR;
				CLANG_WARN_DOCUMENTATION_COMMENTS = YES;
				CLANG_WARN_EMPTY_BODY = YES;
				CLANG_WARN_ENUM_CONVERSION = YES;
				CLANG_WARN_INFINITE_RECURSION = YES;
				CLANG_WARN_INT_CONVERSION = YES;
				CLANG_WARN_NON_LITERAL_NULL_CONVERSION = YES;
				CLANG_WARN_OBJC_IMPLICIT_RETAIN_SELF = YES;
				CLANG_WARN_OBJC_LITERAL_CONVERSION = YES;
				CLANG_WARN_OBJC_ROOT_CLASS = YES_ERROR;
				CLANG_WARN_QUOTED_INCLUDE_IN_FRAMEWORK_HEADER = YES;
				CLANG_WARN_RANGE_LOOP_ANALYSIS = YES;
				CLANG_WARN_STRICT_PROTOTYPES = YES;
				CLANG_WARN_SUSPICIOUS_MOVE = YES;
				CLANG_WARN_UNGUARDED_AVAILABILITY = YES_AGGRESSIVE;
				CLANG_WARN_UNREACHABLE_CODE = YES;
				CLANG_WARN__DUPLICATE_METHOD_MATCH = YES;
				COPY_PHASE_STRIP = NO;
				DEBUG_INFORMATION_FORMAT = dwarf;
				ENABLE_STRICT_OBJC_MSGSEND = YES;
				ENABLE_TESTABILITY = YES;
				GCC_C_LANGUAGE_STANDARD = gnu11;
				GCC_DYNAMIC_NO_PIC = NO;
				GCC_NO_COMMON_BLOCKS = YES;
				GCC_OPTIMIZATION_LEVEL = 0;
				GCC_PREPROCESSOR_DEFINITIONS = (
					"DEBUG=1",
					"$(inherited)",
				);
				GCC_WARN_64_TO_32_BIT_CONVERSION = YES;
				GCC_WARN_ABOUT_RETURN_TYPE = YES_ERROR;
				GCC_WARN_UNDECLARED_SELECTOR = YES;
				GCC_WARN_UNINITIALIZED_AUTOS = YES_AGGRESSIVE;
				GCC_WARN_UNUSED_FUNCTION = YES;
				GCC_WARN_UNUSED_VARIABLE = YES;
				IPHONEOS_DEPLOYMENT_TARGET = 14.3;
				MTL_ENABLE_DEBUG_INFO = INCLUDE_SOURCE;
				MTL_FAST_MATH = YES;
				ONLY_ACTIVE_ARCH = YES;
				SDKROOT = iphoneos;
				SWIFT_ACTIVE_COMPILATION_CONDITIONS = DEBUG;
				SWIFT_OPTIMIZATION_LEVEL = "-Onone";
			};
			name = Debug;
		};
		3290E6212438437200D16DA6 /* Release */ = {
			isa = XCBuildConfiguration;
			buildSettings = {
				ALWAYS_SEARCH_USER_PATHS = NO;
				CLANG_ANALYZER_NONNULL = YES;
				CLANG_ANALYZER_NUMBER_OBJECT_CONVERSION = YES_AGGRESSIVE;
				CLANG_CXX_LANGUAGE_STANDARD = "gnu++14";
				CLANG_CXX_LIBRARY = "libc++";
				CLANG_ENABLE_MODULES = YES;
				CLANG_ENABLE_OBJC_ARC = YES;
				CLANG_ENABLE_OBJC_WEAK = YES;
				CLANG_WARN_BLOCK_CAPTURE_AUTORELEASING = YES;
				CLANG_WARN_BOOL_CONVERSION = YES;
				CLANG_WARN_COMMA = YES;
				CLANG_WARN_CONSTANT_CONVERSION = YES;
				CLANG_WARN_DEPRECATED_OBJC_IMPLEMENTATIONS = YES;
				CLANG_WARN_DIRECT_OBJC_ISA_USAGE = YES_ERROR;
				CLANG_WARN_DOCUMENTATION_COMMENTS = YES;
				CLANG_WARN_EMPTY_BODY = YES;
				CLANG_WARN_ENUM_CONVERSION = YES;
				CLANG_WARN_INFINITE_RECURSION = YES;
				CLANG_WARN_INT_CONVERSION = YES;
				CLANG_WARN_NON_LITERAL_NULL_CONVERSION = YES;
				CLANG_WARN_OBJC_IMPLICIT_RETAIN_SELF = YES;
				CLANG_WARN_OBJC_LITERAL_CONVERSION = YES;
				CLANG_WARN_OBJC_ROOT_CLASS = YES_ERROR;
				CLANG_WARN_QUOTED_INCLUDE_IN_FRAMEWORK_HEADER = YES;
				CLANG_WARN_RANGE_LOOP_ANALYSIS = YES;
				CLANG_WARN_STRICT_PROTOTYPES = YES;
				CLANG_WARN_SUSPICIOUS_MOVE = YES;
				CLANG_WARN_UNGUARDED_AVAILABILITY = YES_AGGRESSIVE;
				CLANG_WARN_UNREACHABLE_CODE = YES;
				CLANG_WARN__DUPLICATE_METHOD_MATCH = YES;
				COPY_PHASE_STRIP = NO;
				DEBUG_INFORMATION_FORMAT = "dwarf-with-dsym";
				ENABLE_NS_ASSERTIONS = NO;
				ENABLE_STRICT_OBJC_MSGSEND = YES;
				GCC_C_LANGUAGE_STANDARD = gnu11;
				GCC_NO_COMMON_BLOCKS = YES;
				GCC_WARN_64_TO_32_BIT_CONVERSION = YES;
				GCC_WARN_ABOUT_RETURN_TYPE = YES_ERROR;
				GCC_WARN_UNDECLARED_SELECTOR = YES;
				GCC_WARN_UNINITIALIZED_AUTOS = YES_AGGRESSIVE;
				GCC_WARN_UNUSED_FUNCTION = YES;
				GCC_WARN_UNUSED_VARIABLE = YES;
				IPHONEOS_DEPLOYMENT_TARGET = 14.3;
				MTL_ENABLE_DEBUG_INFO = NO;
				MTL_FAST_MATH = YES;
				SDKROOT = iphoneos;
				SWIFT_COMPILATION_MODE = wholemodule;
				SWIFT_OPTIMIZATION_LEVEL = "-O";
				VALIDATE_PRODUCT = YES;
			};
			name = Release;
		};
		3290E6232438437200D16DA6 /* Debug */ = {
			isa = XCBuildConfiguration;
			baseConfigurationReference = B8C87FB7398FC1D5E562BCC4 /* Pods-movies-swiftui.debug.xcconfig */;
			buildSettings = {
				ASSETCATALOG_COMPILER_APPICON_NAME = AppIcon;
				CODE_SIGN_STYLE = Automatic;
				DEVELOPMENT_ASSET_PATHS = "\"movies-swiftui/Preview Content\"";
				DEVELOPMENT_TEAM = Y72QXT5PAU;
				ENABLE_PREVIEWS = YES;
				INFOPLIST_FILE = "movies-swiftui/Info.plist";
				LD_RUNPATH_SEARCH_PATHS = (
					"$(inherited)",
					"@executable_path/Frameworks",
				);
				PRODUCT_BUNDLE_IDENTIFIER = "cjm.movies-swiftui";
				PRODUCT_NAME = "$(TARGET_NAME)";
				SWIFT_VERSION = 5.0;
				TARGETED_DEVICE_FAMILY = "1,2";
			};
			name = Debug;
		};
		3290E6242438437200D16DA6 /* Release */ = {
			isa = XCBuildConfiguration;
			baseConfigurationReference = 64B659F5E2EBECE303450271 /* Pods-movies-swiftui.release.xcconfig */;
			buildSettings = {
				ASSETCATALOG_COMPILER_APPICON_NAME = AppIcon;
				CODE_SIGN_STYLE = Automatic;
				DEVELOPMENT_ASSET_PATHS = "\"movies-swiftui/Preview Content\"";
				DEVELOPMENT_TEAM = Y72QXT5PAU;
				ENABLE_PREVIEWS = YES;
				INFOPLIST_FILE = "movies-swiftui/Info.plist";
				LD_RUNPATH_SEARCH_PATHS = (
					"$(inherited)",
					"@executable_path/Frameworks",
				);
				PRODUCT_BUNDLE_IDENTIFIER = "cjm.movies-swiftui";
				PRODUCT_NAME = "$(TARGET_NAME)";
				SWIFT_VERSION = 5.0;
				TARGETED_DEVICE_FAMILY = "1,2";
			};
			name = Release;
		};
		3290E6262438437200D16DA6 /* Debug */ = {
			isa = XCBuildConfiguration;
			baseConfigurationReference = B3A8465185E66F54F31BAE53 /* Pods-movies-swiftuiTests.debug.xcconfig */;
			buildSettings = {
				ALWAYS_EMBED_SWIFT_STANDARD_LIBRARIES = YES;
				BUNDLE_LOADER = "$(TEST_HOST)";
				CODE_SIGN_STYLE = Automatic;
				INFOPLIST_FILE = "movies-swiftuiTests/Info.plist";
				IPHONEOS_DEPLOYMENT_TARGET = 13.2;
				LD_RUNPATH_SEARCH_PATHS = (
					"$(inherited)",
					"@executable_path/Frameworks",
					"@loader_path/Frameworks",
				);
				PRODUCT_BUNDLE_IDENTIFIER = "cjm.movies-swiftuiTests";
				PRODUCT_NAME = "$(TARGET_NAME)";
				SWIFT_VERSION = 5.0;
				TARGETED_DEVICE_FAMILY = "1,2";
				TEST_HOST = "$(BUILT_PRODUCTS_DIR)/movies-swiftui.app/movies-swiftui";
			};
			name = Debug;
		};
		3290E6272438437200D16DA6 /* Release */ = {
			isa = XCBuildConfiguration;
			baseConfigurationReference = B7FFAD07CB0BEC6634C530D7 /* Pods-movies-swiftuiTests.release.xcconfig */;
			buildSettings = {
				ALWAYS_EMBED_SWIFT_STANDARD_LIBRARIES = YES;
				BUNDLE_LOADER = "$(TEST_HOST)";
				CODE_SIGN_STYLE = Automatic;
				INFOPLIST_FILE = "movies-swiftuiTests/Info.plist";
				IPHONEOS_DEPLOYMENT_TARGET = 13.2;
				LD_RUNPATH_SEARCH_PATHS = (
					"$(inherited)",
					"@executable_path/Frameworks",
					"@loader_path/Frameworks",
				);
				PRODUCT_BUNDLE_IDENTIFIER = "cjm.movies-swiftuiTests";
				PRODUCT_NAME = "$(TARGET_NAME)";
				SWIFT_VERSION = 5.0;
				TARGETED_DEVICE_FAMILY = "1,2";
				TEST_HOST = "$(BUILT_PRODUCTS_DIR)/movies-swiftui.app/movies-swiftui";
			};
			name = Release;
		};
		3290E6292438437200D16DA6 /* Debug */ = {
			isa = XCBuildConfiguration;
			baseConfigurationReference = 23344905B0770EDFE9601BC5 /* Pods-movies-swiftui-movies-swiftuiUITests.debug.xcconfig */;
			buildSettings = {
				ALWAYS_EMBED_SWIFT_STANDARD_LIBRARIES = YES;
				CODE_SIGN_STYLE = Automatic;
				INFOPLIST_FILE = "movies-swiftuiUITests/Info.plist";
				LD_RUNPATH_SEARCH_PATHS = (
					"$(inherited)",
					"@executable_path/Frameworks",
					"@loader_path/Frameworks",
				);
				PRODUCT_BUNDLE_IDENTIFIER = "cjm.movies-swiftuiUITests";
				PRODUCT_NAME = "$(TARGET_NAME)";
				SWIFT_VERSION = 5.0;
				TARGETED_DEVICE_FAMILY = "1,2";
				TEST_TARGET_NAME = "movies-swiftui";
			};
			name = Debug;
		};
		3290E62A2438437200D16DA6 /* Release */ = {
			isa = XCBuildConfiguration;
			baseConfigurationReference = 5C4AAC864853A128C77C75AD /* Pods-movies-swiftui-movies-swiftuiUITests.release.xcconfig */;
			buildSettings = {
				ALWAYS_EMBED_SWIFT_STANDARD_LIBRARIES = YES;
				CODE_SIGN_STYLE = Automatic;
				INFOPLIST_FILE = "movies-swiftuiUITests/Info.plist";
				LD_RUNPATH_SEARCH_PATHS = (
					"$(inherited)",
					"@executable_path/Frameworks",
					"@loader_path/Frameworks",
				);
				PRODUCT_BUNDLE_IDENTIFIER = "cjm.movies-swiftuiUITests";
				PRODUCT_NAME = "$(TARGET_NAME)";
				SWIFT_VERSION = 5.0;
				TARGETED_DEVICE_FAMILY = "1,2";
				TEST_TARGET_NAME = "movies-swiftui";
			};
			name = Release;
		};
/* End XCBuildConfiguration section */

/* Begin XCConfigurationList section */
		3290E5F32438437000D16DA6 /* Build configuration list for PBXProject "movies-swiftui" */ = {
			isa = XCConfigurationList;
			buildConfigurations = (
				3290E6202438437200D16DA6 /* Debug */,
				3290E6212438437200D16DA6 /* Release */,
			);
			defaultConfigurationIsVisible = 0;
			defaultConfigurationName = Release;
		};
		3290E6222438437200D16DA6 /* Build configuration list for PBXNativeTarget "movies-swiftui" */ = {
			isa = XCConfigurationList;
			buildConfigurations = (
				3290E6232438437200D16DA6 /* Debug */,
				3290E6242438437200D16DA6 /* Release */,
			);
			defaultConfigurationIsVisible = 0;
			defaultConfigurationName = Release;
		};
		3290E6252438437200D16DA6 /* Build configuration list for PBXNativeTarget "movies-swiftuiTests" */ = {
			isa = XCConfigurationList;
			buildConfigurations = (
				3290E6262438437200D16DA6 /* Debug */,
				3290E6272438437200D16DA6 /* Release */,
			);
			defaultConfigurationIsVisible = 0;
			defaultConfigurationName = Release;
		};
		3290E6282438437200D16DA6 /* Build configuration list for PBXNativeTarget "movies-swiftuiUITests" */ = {
			isa = XCConfigurationList;
			buildConfigurations = (
				3290E6292438437200D16DA6 /* Debug */,
				3290E62A2438437200D16DA6 /* Release */,
			);
			defaultConfigurationIsVisible = 0;
			defaultConfigurationName = Release;
		};
/* End XCConfigurationList section */
	};
	rootObject = 3290E5F02438437000D16DA6 /* Project object */;
}
